
Microsoft Visual Studio Solution File, Format Version 12.00
# Visual Studio Version 17
VisualStudioVersion = 17.8.34408.163
MinimumVisualStudioVersion = 10.0.40219.1
Project("{9A19103F-16F7-4668-BE54-9A1E7A4F7556}") = "Imgui-FileBrowser.NET", "Imgui-FileBrowser.NET.csproj", "{E9F62040-605F-4B27-845B-72D73C673B83}"
EndProject
Global
	GlobalSection(SolutionConfigurationPlatforms) = preSolution
		Debug|Any CPU = Debug|Any CPU
		Release|Any CPU = Release|Any CPU
	EndGlobalSection
	GlobalSection(ProjectConfigurationPlatforms) = postSolution
		{E9F62040-605F-4B27-845B-72D73C673B83}.Debug|Any CPU.ActiveCfg = Debug|Any CPU
		{E9F62040-605F-4B27-845B-72D73C673B83}.Debug|Any CPU.Build.0 = Debug|Any CPU
		{E9F62040-605F-4B27-845B-72D73C673B83}.Release|Any CPU.ActiveCfg = Release|Any CPU
		{E9F62040-605F-4B27-845B-72D73C673B83}.Release|Any CPU.Build.0 = Release|Any CPU
	EndGlobalSection
	GlobalSection(SolutionProperties) = preSolution
		HideSolutionNode = FALSE
	EndGlobalSection
	GlobalSection(ExtensibilityGlobals) = postSolution
		SolutionGuid = {0D765C17-B84C-4644-9D09-E80DA69AEF87}
	EndGlobalSection
EndGlobal
